// !$*UTF8*$!
{
	archiveVersion = 1;
	classes = {
	};
	objectVersion = 77;
	objects = {

/* Begin PBXBuildFile section */
		11FB87C82D06B7E300F49DDD /* SimpleKeychain in Frameworks */ = {isa = PBXBuildFile; productRef = 11FB87C72D06B7E300F49DDD /* SimpleKeychain */; };
/* End PBXBuildFile section */

/* Begin PBXContainerItemProxy section */
		1102B72E2CFC2D1400F3F23D /* PBXContainerItemProxy */ = {
			isa = PBXContainerItemProxy;
			containerPortal = 1102B7142CFC2D1300F3F23D /* Project object */;
			proxyType = 1;
			remoteGlobalIDString = 1102B71B2CFC2D1300F3F23D;
			remoteInfo = FerryMapper;
		};
		1102B7382CFC2D1400F3F23D /* PBXContainerItemProxy */ = {
			isa = PBXContainerItemProxy;
			containerPortal = 1102B7142CFC2D1300F3F23D /* Project object */;
			proxyType = 1;
			remoteGlobalIDString = 1102B71B2CFC2D1300F3F23D;
			remoteInfo = FerryMapper;
		};
/* End PBXContainerItemProxy section */

/* Begin PBXFileReference section */
		1102B71C2CFC2D1300F3F23D /* FerryMapper.app */ = {isa = PBXFileReference; explicitFileType = wrapper.application; includeInIndex = 0; path = FerryMapper.app; sourceTree = BUILT_PRODUCTS_DIR; };
		1102B72D2CFC2D1400F3F23D /* FerryMapperTests.xctest */ = {isa = PBXFileReference; explicitFileType = wrapper.cfbundle; includeInIndex = 0; path = FerryMapperTests.xctest; sourceTree = BUILT_PRODUCTS_DIR; };
		1102B7372CFC2D1400F3F23D /* FerryMapperUITests.xctest */ = {isa = PBXFileReference; explicitFileType = wrapper.cfbundle; includeInIndex = 0; path = FerryMapperUITests.xctest; sourceTree = BUILT_PRODUCTS_DIR; };
/* End PBXFileReference section */

/* Begin PBXFileSystemSynchronizedRootGroup section */
		1102B71E2CFC2D1300F3F23D /* FerryMapper */ = {
			isa = PBXFileSystemSynchronizedRootGroup;
			path = FerryMapper;
			sourceTree = "<group>";
		};
		1102B7302CFC2D1400F3F23D /* FerryMapperTests */ = {
			isa = PBXFileSystemSynchronizedRootGroup;
			path = FerryMapperTests;
			sourceTree = "<group>";
		};
		1102B73A2CFC2D1400F3F23D /* FerryMapperUITests */ = {
			isa = PBXFileSystemSynchronizedRootGroup;
			path = FerryMapperUITests;
			sourceTree = "<group>";
		};
/* End PBXFileSystemSynchronizedRootGroup section */

/* Begin PBXFrameworksBuildPhase section */
		1102B7192CFC2D1300F3F23D /* Frameworks */ = {
			isa = PBXFrameworksBuildPhase;
			buildActionMask = 2147483647;
			files = (
				11FB87C82D06B7E300F49DDD /* SimpleKeychain in Frameworks */,
			);
			runOnlyForDeploymentPostprocessing = 0;
		};
		1102B72A2CFC2D1400F3F23D /* Frameworks */ = {
			isa = PBXFrameworksBuildPhase;
			buildActionMask = 2147483647;
			files = (
			);
			runOnlyForDeploymentPostprocessing = 0;
		};
		1102B7342CFC2D1400F3F23D /* Frameworks */ = {
			isa = PBXFrameworksBuildPhase;
			buildActionMask = 2147483647;
			files = (
			);
			runOnlyForDeploymentPostprocessing = 0;
		};
/* End PBXFrameworksBuildPhase section */

/* Begin PBXGroup section */
		1102B7132CFC2D1300F3F23D = {
			isa = PBXGroup;
			children = (
				1102B71E2CFC2D1300F3F23D /* FerryMapper */,
				1102B7302CFC2D1400F3F23D /* FerryMapperTests */,
				1102B73A2CFC2D1400F3F23D /* FerryMapperUITests */,
				1102B71D2CFC2D1300F3F23D /* Products */,
			);
			sourceTree = "<group>";
		};
		1102B71D2CFC2D1300F3F23D /* Products */ = {
			isa = PBXGroup;
			children = (
				1102B71C2CFC2D1300F3F23D /* FerryMapper.app */,
				1102B72D2CFC2D1400F3F23D /* FerryMapperTests.xctest */,
				1102B7372CFC2D1400F3F23D /* FerryMapperUITests.xctest */,
			);
			name = Products;
			sourceTree = "<group>";
		};
/* End PBXGroup section */

/* Begin PBXNativeTarget section */
		1102B71B2CFC2D1300F3F23D /* FerryMapper */ = {
			isa = PBXNativeTarget;
			buildConfigurationList = 1102B7412CFC2D1400F3F23D /* Build configuration list for PBXNativeTarget "FerryMapper" */;
			buildPhases = (
				1102B7182CFC2D1300F3F23D /* Sources */,
				1102B7192CFC2D1300F3F23D /* Frameworks */,
				1102B71A2CFC2D1300F3F23D /* Resources */,
			);
			buildRules = (
			);
			dependencies = (
			);
			fileSystemSynchronizedGroups = (
				1102B71E2CFC2D1300F3F23D /* FerryMapper */,
			);
			name = FerryMapper;
			packageProductDependencies = (
				11FB87C72D06B7E300F49DDD /* SimpleKeychain */,
			);
			productName = FerryMapper;
			productReference = 1102B71C2CFC2D1300F3F23D /* FerryMapper.app */;
			productType = "com.apple.product-type.application";
		};
		1102B72C2CFC2D1400F3F23D /* FerryMapperTests */ = {
			isa = PBXNativeTarget;
			buildConfigurationList = 1102B7442CFC2D1400F3F23D /* Build configuration list for PBXNativeTarget "FerryMapperTests" */;
			buildPhases = (
				1102B7292CFC2D1400F3F23D /* Sources */,
				1102B72A2CFC2D1400F3F23D /* Frameworks */,
				1102B72B2CFC2D1400F3F23D /* Resources */,
			);
			buildRules = (
			);
			dependencies = (
				1102B72F2CFC2D1400F3F23D /* PBXTargetDependency */,
			);
			fileSystemSynchronizedGroups = (
				1102B7302CFC2D1400F3F23D /* FerryMapperTests */,
			);
			name = FerryMapperTests;
			packageProductDependencies = (
			);
			productName = FerryMapperTests;
			productReference = 1102B72D2CFC2D1400F3F23D /* FerryMapperTests.xctest */;
			productType = "com.apple.product-type.bundle.unit-test";
		};
		1102B7362CFC2D1400F3F23D /* FerryMapperUITests */ = {
			isa = PBXNativeTarget;
			buildConfigurationList = 1102B7472CFC2D1400F3F23D /* Build configuration list for PBXNativeTarget "FerryMapperUITests" */;
			buildPhases = (
				1102B7332CFC2D1400F3F23D /* Sources */,
				1102B7342CFC2D1400F3F23D /* Frameworks */,
				1102B7352CFC2D1400F3F23D /* Resources */,
			);
			buildRules = (
			);
			dependencies = (
				1102B7392CFC2D1400F3F23D /* PBXTargetDependency */,
			);
			fileSystemSynchronizedGroups = (
				1102B73A2CFC2D1400F3F23D /* FerryMapperUITests */,
			);
			name = FerryMapperUITests;
			packageProductDependencies = (
			);
			productName = FerryMapperUITests;
			productReference = 1102B7372CFC2D1400F3F23D /* FerryMapperUITests.xctest */;
			productType = "com.apple.product-type.bundle.ui-testing";
		};
/* End PBXNativeTarget section */

/* Begin PBXProject section */
		1102B7142CFC2D1300F3F23D /* Project object */ = {
			isa = PBXProject;
			attributes = {
				BuildIndependentTargetsInParallel = 1;
				LastSwiftUpdateCheck = 1610;
				LastUpgradeCheck = 1610;
				TargetAttributes = {
					1102B71B2CFC2D1300F3F23D = {
						CreatedOnToolsVersion = 16.1;
					};
					1102B72C2CFC2D1400F3F23D = {
						CreatedOnToolsVersion = 16.1;
						TestTargetID = 1102B71B2CFC2D1300F3F23D;
					};
					1102B7362CFC2D1400F3F23D = {
						CreatedOnToolsVersion = 16.1;
						TestTargetID = 1102B71B2CFC2D1300F3F23D;
					};
				};
			};
			buildConfigurationList = 1102B7172CFC2D1300F3F23D /* Build configuration list for PBXProject "FerryMapper" */;
			developmentRegion = en;
			hasScannedForEncodings = 0;
			knownRegions = (
				en,
				Base,
			);
			mainGroup = 1102B7132CFC2D1300F3F23D;
			minimizedProjectReferenceProxies = 1;
			packageReferences = (
				11FB87C62D06B7E300F49DDD /* XCRemoteSwiftPackageReference "SimpleKeychain" */,
			);
			preferredProjectObjectVersion = 77;
			productRefGroup = 1102B71D2CFC2D1300F3F23D /* Products */;
			projectDirPath = "";
			projectRoot = "";
			targets = (
				1102B71B2CFC2D1300F3F23D /* FerryMapper */,
				1102B72C2CFC2D1400F3F23D /* FerryMapperTests */,
				1102B7362CFC2D1400F3F23D /* FerryMapperUITests */,
			);
		};
/* End PBXProject section */

/* Begin PBXResourcesBuildPhase section */
		1102B71A2CFC2D1300F3F23D /* Resources */ = {
			isa = PBXResourcesBuildPhase;
			buildActionMask = 2147483647;
			files = (
			);
			runOnlyForDeploymentPostprocessing = 0;
		};
		1102B72B2CFC2D1400F3F23D /* Resources */ = {
			isa = PBXResourcesBuildPhase;
			buildActionMask = 2147483647;
			files = (
			);
			runOnlyForDeploymentPostprocessing = 0;
		};
		1102B7352CFC2D1400F3F23D /* Resources */ = {
			isa = PBXResourcesBuildPhase;
			buildActionMask = 2147483647;
			files = (
			);
			runOnlyForDeploymentPostprocessing = 0;
		};
/* End PBXResourcesBuildPhase section */

/* Begin PBXSourcesBuildPhase section */
		1102B7182CFC2D1300F3F23D /* Sources */ = {
			isa = PBXSourcesBuildPhase;
			buildActionMask = 2147483647;
			files = (
			);
			runOnlyForDeploymentPostprocessing = 0;
		};
		1102B7292CFC2D1400F3F23D /* Sources */ = {
			isa = PBXSourcesBuildPhase;
			buildActionMask = 2147483647;
			files = (
			);
			runOnlyForDeploymentPostprocessing = 0;
		};
		1102B7332CFC2D1400F3F23D /* Sources */ = {
			isa = PBXSourcesBuildPhase;
			buildActionMask = 2147483647;
			files = (
			);
			runOnlyForDeploymentPostprocessing = 0;
		};
/* End PBXSourcesBuildPhase section */

/* Begin PBXTargetDependency section */
		1102B72F2CFC2D1400F3F23D /* PBXTargetDependency */ = {
			isa = PBXTargetDependency;
			target = 1102B71B2CFC2D1300F3F23D /* FerryMapper */;
			targetProxy = 1102B72E2CFC2D1400F3F23D /* PBXContainerItemProxy */;
		};
		1102B7392CFC2D1400F3F23D /* PBXTargetDependency */ = {
			isa = PBXTargetDependency;
			target = 1102B71B2CFC2D1300F3F23D /* FerryMapper */;
			targetProxy = 1102B7382CFC2D1400F3F23D /* PBXContainerItemProxy */;
		};
/* End PBXTargetDependency section */

/* Begin XCBuildConfiguration section */
		1102B73F2CFC2D1400F3F23D /* Debug */ = {
			isa = XCBuildConfiguration;
			buildSettings = {
				ALWAYS_SEARCH_USER_PATHS = NO;
				ASSETCATALOG_COMPILER_GENERATE_SWIFT_ASSET_SYMBOL_EXTENSIONS = YES;
				CLANG_ANALYZER_NONNULL = YES;
				CLANG_ANALYZER_NUMBER_OBJECT_CONVERSION = YES_AGGRESSIVE;
				CLANG_CXX_LANGUAGE_STANDARD = "gnu++20";
				CLANG_ENABLE_MODULES = YES;
				CLANG_ENABLE_OBJC_ARC = YES;
				CLANG_ENABLE_OBJC_WEAK = YES;
				CLANG_WARN_BLOCK_CAPTURE_AUTORELEASING = YES;
				CLANG_WARN_BOOL_CONVERSION = YES;
				CLANG_WARN_COMMA = YES;
				CLANG_WARN_CONSTANT_CONVERSION = YES;
				CLANG_WARN_DEPRECATED_OBJC_IMPLEMENTATIONS = YES;
				CLANG_WARN_DIRECT_OBJC_ISA_USAGE = YES_ERROR;
				CLANG_WARN_DOCUMENTATION_COMMENTS = YES;
				CLANG_WARN_EMPTY_BODY = YES;
				CLANG_WARN_ENUM_CONVERSION = YES;
				CLANG_WARN_INFINITE_RECURSION = YES;
				CLANG_WARN_INT_CONVERSION = YES;
				CLANG_WARN_NON_LITERAL_NULL_CONVERSION = YES;
				CLANG_WARN_OBJC_IMPLICIT_RETAIN_SELF = YES;
				CLANG_WARN_OBJC_LITERAL_CONVERSION = YES;
				CLANG_WARN_OBJC_ROOT_CLASS = YES_ERROR;
				CLANG_WARN_QUOTED_INCLUDE_IN_FRAMEWORK_HEADER = YES;
				CLANG_WARN_RANGE_LOOP_ANALYSIS = YES;
				CLANG_WARN_STRICT_PROTOTYPES = YES;
				CLANG_WARN_SUSPICIOUS_MOVE = YES;
				CLANG_WARN_UNGUARDED_AVAILABILITY = YES_AGGRESSIVE;
				CLANG_WARN_UNREACHABLE_CODE = YES;
				CLANG_WARN__DUPLICATE_METHOD_MATCH = YES;
				COPY_PHASE_STRIP = NO;
				DEBUG_INFORMATION_FORMAT = dwarf;
				ENABLE_STRICT_OBJC_MSGSEND = YES;
				ENABLE_TESTABILITY = YES;
				ENABLE_USER_SCRIPT_SANDBOXING = YES;
				GCC_C_LANGUAGE_STANDARD = gnu17;
				GCC_DYNAMIC_NO_PIC = NO;
				GCC_NO_COMMON_BLOCKS = YES;
				GCC_OPTIMIZATION_LEVEL = 0;
				GCC_PREPROCESSOR_DEFINITIONS = (
					"DEBUG=1",
					"$(inherited)",
				);
				GCC_WARN_64_TO_32_BIT_CONVERSION = YES;
				GCC_WARN_ABOUT_RETURN_TYPE = YES_ERROR;
				GCC_WARN_UNDECLARED_SELECTOR = YES;
				GCC_WARN_UNINITIALIZED_AUTOS = YES_AGGRESSIVE;
				GCC_WARN_UNUSED_FUNCTION = YES;
				GCC_WARN_UNUSED_VARIABLE = YES;
				LOCALIZATION_PREFERS_STRING_CATALOGS = YES;
				MTL_ENABLE_DEBUG_INFO = INCLUDE_SOURCE;
				MTL_FAST_MATH = YES;
				ONLY_ACTIVE_ARCH = YES;
				SWIFT_ACTIVE_COMPILATION_CONDITIONS = "DEBUG $(inherited)";
				SWIFT_OPTIMIZATION_LEVEL = "-Onone";
			};
			name = Debug;
		};
		1102B7402CFC2D1400F3F23D /* Release */ = {
			isa = XCBuildConfiguration;
			buildSettings = {
				ALWAYS_SEARCH_USER_PATHS = NO;
				ASSETCATALOG_COMPILER_GENERATE_SWIFT_ASSET_SYMBOL_EXTENSIONS = YES;
				CLANG_ANALYZER_NONNULL = YES;
				CLANG_ANALYZER_NUMBER_OBJECT_CONVERSION = YES_AGGRESSIVE;
				CLANG_CXX_LANGUAGE_STANDARD = "gnu++20";
				CLANG_ENABLE_MODULES = YES;
				CLANG_ENABLE_OBJC_ARC = YES;
				CLANG_ENABLE_OBJC_WEAK = YES;
				CLANG_WARN_BLOCK_CAPTURE_AUTORELEASING = YES;
				CLANG_WARN_BOOL_CONVERSION = YES;
				CLANG_WARN_COMMA = YES;
				CLANG_WARN_CONSTANT_CONVERSION = YES;
				CLANG_WARN_DEPRECATED_OBJC_IMPLEMENTATIONS = YES;
				CLANG_WARN_DIRECT_OBJC_ISA_USAGE = YES_ERROR;
				CLANG_WARN_DOCUMENTATION_COMMENTS = YES;
				CLANG_WARN_EMPTY_BODY = YES;
				CLANG_WARN_ENUM_CONVERSION = YES;
				CLANG_WARN_INFINITE_RECURSION = YES;
				CLANG_WARN_INT_CONVERSION = YES;
				CLANG_WARN_NON_LITERAL_NULL_CONVERSION = YES;
				CLANG_WARN_OBJC_IMPLICIT_RETAIN_SELF = YES;
				CLANG_WARN_OBJC_LITERAL_CONVERSION = YES;
				CLANG_WARN_OBJC_ROOT_CLASS = YES_ERROR;
				CLANG_WARN_QUOTED_INCLUDE_IN_FRAMEWORK_HEADER = YES;
				CLANG_WARN_RANGE_LOOP_ANALYSIS = YES;
				CLANG_WARN_STRICT_PROTOTYPES = YES;
				CLANG_WARN_SUSPICIOUS_MOVE = YES;
				CLANG_WARN_UNGUARDED_AVAILABILITY = YES_AGGRESSIVE;
				CLANG_WARN_UNREACHABLE_CODE = YES;
				CLANG_WARN__DUPLICATE_METHOD_MATCH = YES;
				COPY_PHASE_STRIP = NO;
				DEBUG_INFORMATION_FORMAT = "dwarf-with-dsym";
				ENABLE_NS_ASSERTIONS = NO;
				ENABLE_STRICT_OBJC_MSGSEND = YES;
				ENABLE_USER_SCRIPT_SANDBOXING = YES;
				GCC_C_LANGUAGE_STANDARD = gnu17;
				GCC_NO_COMMON_BLOCKS = YES;
				GCC_WARN_64_TO_32_BIT_CONVERSION = YES;
				GCC_WARN_ABOUT_RETURN_TYPE = YES_ERROR;
				GCC_WARN_UNDECLARED_SELECTOR = YES;
				GCC_WARN_UNINITIALIZED_AUTOS = YES_AGGRESSIVE;
				GCC_WARN_UNUSED_FUNCTION = YES;
				GCC_WARN_UNUSED_VARIABLE = YES;
				LOCALIZATION_PREFERS_STRING_CATALOGS = YES;
				MTL_ENABLE_DEBUG_INFO = NO;
				MTL_FAST_MATH = YES;
				SWIFT_COMPILATION_MODE = wholemodule;
			};
			name = Release;
		};
		1102B7422CFC2D1400F3F23D /* Debug */ = {
			isa = XCBuildConfiguration;
			buildSettings = {
				ASSETCATALOG_COMPILER_APPICON_NAME = AppIcon;
				ASSETCATALOG_COMPILER_GLOBAL_ACCENT_COLOR_NAME = AccentColor;
				CODE_SIGN_ENTITLEMENTS = FerryMapper/FerryMapper.entitlements;
				CODE_SIGN_STYLE = Automatic;
				CURRENT_PROJECT_VERSION = 1;
				DEVELOPMENT_ASSET_PATHS = "\"FerryMapper/Preview Content\"";
				DEVELOPMENT_TEAM = YQ8A74NDMJ;
				ENABLE_HARDENED_RUNTIME = YES;
				ENABLE_PREVIEWS = YES;
				GENERATE_INFOPLIST_FILE = YES;
				"INFOPLIST_KEY_UIApplicationSceneManifest_Generation[sdk=iphoneos*]" = YES;
				"INFOPLIST_KEY_UIApplicationSceneManifest_Generation[sdk=iphonesimulator*]" = YES;
				"INFOPLIST_KEY_UIApplicationSupportsIndirectInputEvents[sdk=iphoneos*]" = YES;
				"INFOPLIST_KEY_UIApplicationSupportsIndirectInputEvents[sdk=iphonesimulator*]" = YES;
				"INFOPLIST_KEY_UILaunchScreen_Generation[sdk=iphoneos*]" = YES;
				"INFOPLIST_KEY_UILaunchScreen_Generation[sdk=iphonesimulator*]" = YES;
				"INFOPLIST_KEY_UIStatusBarStyle[sdk=iphoneos*]" = UIStatusBarStyleDefault;
				"INFOPLIST_KEY_UIStatusBarStyle[sdk=iphonesimulator*]" = UIStatusBarStyleDefault;
				INFOPLIST_KEY_UISupportedInterfaceOrientations_iPad = "UIInterfaceOrientationPortrait UIInterfaceOrientationPortraitUpsideDown UIInterfaceOrientationLandscapeLeft UIInterfaceOrientationLandscapeRight";
				INFOPLIST_KEY_UISupportedInterfaceOrientations_iPhone = "UIInterfaceOrientationPortrait UIInterfaceOrientationLandscapeLeft UIInterfaceOrientationLandscapeRight";
				IPHONEOS_DEPLOYMENT_TARGET = 18.1;
				LD_RUNPATH_SEARCH_PATHS = "@executable_path/Frameworks";
				"LD_RUNPATH_SEARCH_PATHS[sdk=macosx*]" = "@executable_path/../Frameworks";
				MACOSX_DEPLOYMENT_TARGET = 15.1;
				MARKETING_VERSION = 1.0;
				PRODUCT_BUNDLE_IDENTIFIER = io.opsnlops.FerryMapper;
				PRODUCT_NAME = "$(TARGET_NAME)";
				SDKROOT = auto;
				SUPPORTED_PLATFORMS = "appletvos appletvsimulator iphoneos iphonesimulator macosx xros xrsimulator";
				SUPPORTS_MACCATALYST = NO;
				SWIFT_EMIT_LOC_STRINGS = YES;
				SWIFT_VERSION = 5.0;
				TARGETED_DEVICE_FAMILY = "1,2,3,7";
				XROS_DEPLOYMENT_TARGET = 2.1;
			};
			name = Debug;
		};
		1102B7432CFC2D1400F3F23D /* Release */ = {
			isa = XCBuildConfiguration;
			buildSettings = {
				ASSETCATALOG_COMPILER_APPICON_NAME = AppIcon;
				ASSETCATALOG_COMPILER_GLOBAL_ACCENT_COLOR_NAME = AccentColor;
				CODE_SIGN_ENTITLEMENTS = FerryMapper/FerryMapper.entitlements;
				CODE_SIGN_STYLE = Automatic;
				CURRENT_PROJECT_VERSION = 1;
				DEVELOPMENT_ASSET_PATHS = "\"FerryMapper/Preview Content\"";
				DEVELOPMENT_TEAM = YQ8A74NDMJ;
				ENABLE_HARDENED_RUNTIME = YES;
				ENABLE_PREVIEWS = YES;
				GENERATE_INFOPLIST_FILE = YES;
				"INFOPLIST_KEY_UIApplicationSceneManifest_Generation[sdk=iphoneos*]" = YES;
				"INFOPLIST_KEY_UIApplicationSceneManifest_Generation[sdk=iphonesimulator*]" = YES;
				"INFOPLIST_KEY_UIApplicationSupportsIndirectInputEvents[sdk=iphoneos*]" = YES;
				"INFOPLIST_KEY_UIApplicationSupportsIndirectInputEvents[sdk=iphonesimulator*]" = YES;
				"INFOPLIST_KEY_UILaunchScreen_Generation[sdk=iphoneos*]" = YES;
				"INFOPLIST_KEY_UILaunchScreen_Generation[sdk=iphonesimulator*]" = YES;
				"INFOPLIST_KEY_UIStatusBarStyle[sdk=iphoneos*]" = UIStatusBarStyleDefault;
				"INFOPLIST_KEY_UIStatusBarStyle[sdk=iphonesimulator*]" = UIStatusBarStyleDefault;
				INFOPLIST_KEY_UISupportedInterfaceOrientations_iPad = "UIInterfaceOrientationPortrait UIInterfaceOrientationPortraitUpsideDown UIInterfaceOrientationLandscapeLeft UIInterfaceOrientationLandscapeRight";
				INFOPLIST_KEY_UISupportedInterfaceOrientations_iPhone = "UIInterfaceOrientationPortrait UIInterfaceOrientationLandscapeLeft UIInterfaceOrientationLandscapeRight";
				IPHONEOS_DEPLOYMENT_TARGET = 18.1;
				LD_RUNPATH_SEARCH_PATHS = "@executable_path/Frameworks";
				"LD_RUNPATH_SEARCH_PATHS[sdk=macosx*]" = "@executable_path/../Frameworks";
				MACOSX_DEPLOYMENT_TARGET = 15.1;
				MARKETING_VERSION = 1.0;
				PRODUCT_BUNDLE_IDENTIFIER = io.opsnlops.FerryMapper;
				PRODUCT_NAME = "$(TARGET_NAME)";
				SDKROOT = auto;
				SUPPORTED_PLATFORMS = "appletvos appletvsimulator iphoneos iphonesimulator macosx xros xrsimulator";
				SUPPORTS_MACCATALYST = NO;
				SWIFT_EMIT_LOC_STRINGS = YES;
				SWIFT_VERSION = 5.0;
				TARGETED_DEVICE_FAMILY = "1,2,3,7";
				XROS_DEPLOYMENT_TARGET = 2.1;
			};
			name = Release;
		};
		1102B7452CFC2D1400F3F23D /* Debug */ = {
			isa = XCBuildConfiguration;
			buildSettings = {
				BUNDLE_LOADER = "$(TEST_HOST)";
				CODE_SIGN_STYLE = Automatic;
				CURRENT_PROJECT_VERSION = 1;
				DEVELOPMENT_TEAM = YQ8A74NDMJ;
				GENERATE_INFOPLIST_FILE = YES;
				IPHONEOS_DEPLOYMENT_TARGET = 18.1;
				MACOSX_DEPLOYMENT_TARGET = 15.1;
				MARKETING_VERSION = 1.0;
				PRODUCT_BUNDLE_IDENTIFIER = io.opsnlops.FerryMapperTests;
				PRODUCT_NAME = "$(TARGET_NAME)";
				SDKROOT = auto;
				SUPPORTED_PLATFORMS = "iphoneos iphonesimulator macosx xros xrsimulator";
				SWIFT_EMIT_LOC_STRINGS = NO;
				SWIFT_VERSION = 5.0;
				TARGETED_DEVICE_FAMILY = "1,2,7";
				TEST_HOST = "$(BUILT_PRODUCTS_DIR)/FerryMapper.app/$(BUNDLE_EXECUTABLE_FOLDER_PATH)/FerryMapper";
				XROS_DEPLOYMENT_TARGET = 2.1;
			};
			name = Debug;
		};
		1102B7462CFC2D1400F3F23D /* Release */ = {
			isa = XCBuildConfiguration;
			buildSettings = {
				BUNDLE_LOADER = "$(TEST_HOST)";
				CODE_SIGN_STYLE = Automatic;
				CURRENT_PROJECT_VERSION = 1;
				DEVELOPMENT_TEAM = YQ8A74NDMJ;
				GENERATE_INFOPLIST_FILE = YES;
				IPHONEOS_DEPLOYMENT_TARGET = 18.1;
				MACOSX_DEPLOYMENT_TARGET = 15.1;
				MARKETING_VERSION = 1.0;
				PRODUCT_BUNDLE_IDENTIFIER = io.opsnlops.FerryMapperTests;
				PRODUCT_NAME = "$(TARGET_NAME)";
				SDKROOT = auto;
				SUPPORTED_PLATFORMS = "iphoneos iphonesimulator macosx xros xrsimulator";
				SWIFT_EMIT_LOC_STRINGS = NO;
				SWIFT_VERSION = 5.0;
				TARGETED_DEVICE_FAMILY = "1,2,7";
				TEST_HOST = "$(BUILT_PRODUCTS_DIR)/FerryMapper.app/$(BUNDLE_EXECUTABLE_FOLDER_PATH)/FerryMapper";
				XROS_DEPLOYMENT_TARGET = 2.1;
			};
			name = Release;
		};
		1102B7482CFC2D1400F3F23D /* Debug */ = {
			isa = XCBuildConfiguration;
			buildSettings = {
				CODE_SIGN_STYLE = Automatic;
				CURRENT_PROJECT_VERSION = 1;
				DEVELOPMENT_TEAM = YQ8A74NDMJ;
				GENERATE_INFOPLIST_FILE = YES;
				IPHONEOS_DEPLOYMENT_TARGET = 18.1;
				MACOSX_DEPLOYMENT_TARGET = 15.1;
				MARKETING_VERSION = 1.0;
				PRODUCT_BUNDLE_IDENTIFIER = io.opsnlops.FerryMapperUITests;
				PRODUCT_NAME = "$(TARGET_NAME)";
				SDKROOT = auto;
				SUPPORTED_PLATFORMS = "iphoneos iphonesimulator macosx xros xrsimulator";
				SWIFT_EMIT_LOC_STRINGS = NO;
				SWIFT_VERSION = 5.0;
				TARGETED_DEVICE_FAMILY = "1,2,7";
				TEST_TARGET_NAME = FerryMapperTest;
				XROS_DEPLOYMENT_TARGET = 2.1;
			};
			name = Debug;
		};
		1102B7492CFC2D1400F3F23D /* Release */ = {
			isa = XCBuildConfiguration;
			buildSettings = {
				CODE_SIGN_STYLE = Automatic;
				CURRENT_PROJECT_VERSION = 1;
				DEVELOPMENT_TEAM = YQ8A74NDMJ;
				GENERATE_INFOPLIST_FILE = YES;
				IPHONEOS_DEPLOYMENT_TARGET = 18.1;
				MACOSX_DEPLOYMENT_TARGET = 15.1;
				MARKETING_VERSION = 1.0;
				PRODUCT_BUNDLE_IDENTIFIER = io.opsnlops.FerryMapperUITests;
				PRODUCT_NAME = "$(TARGET_NAME)";
				SDKROOT = auto;
				SUPPORTED_PLATFORMS = "iphoneos iphonesimulator macosx xros xrsimulator";
				SWIFT_EMIT_LOC_STRINGS = NO;
				SWIFT_VERSION = 5.0;
				TARGETED_DEVICE_FAMILY = "1,2,7";
				TEST_TARGET_NAME = FerryMapperTest;
				XROS_DEPLOYMENT_TARGET = 2.1;
			};
			name = Release;
		};
/* End XCBuildConfiguration section */

/* Begin XCConfigurationList section */
		1102B7172CFC2D1300F3F23D /* Build configuration list for PBXProject "FerryMapper" */ = {
			isa = XCConfigurationList;
			buildConfigurations = (
				1102B73F2CFC2D1400F3F23D /* Debug */,
				1102B7402CFC2D1400F3F23D /* Release */,
			);
			defaultConfigurationIsVisible = 0;
			defaultConfigurationName = Release;
		};
		1102B7412CFC2D1400F3F23D /* Build configuration list for PBXNativeTarget "FerryMapper" */ = {
			isa = XCConfigurationList;
			buildConfigurations = (
				1102B7422CFC2D1400F3F23D /* Debug */,
				1102B7432CFC2D1400F3F23D /* Release */,
			);
			defaultConfigurationIsVisible = 0;
			defaultConfigurationName = Release;
		};
		1102B7442CFC2D1400F3F23D /* Build configuration list for PBXNativeTarget "FerryMapperTests" */ = {
			isa = XCConfigurationList;
			buildConfigurations = (
				1102B7452CFC2D1400F3F23D /* Debug */,
				1102B7462CFC2D1400F3F23D /* Release */,
			);
			defaultConfigurationIsVisible = 0;
			defaultConfigurationName = Release;
		};
		1102B7472CFC2D1400F3F23D /* Build configuration list for PBXNativeTarget "FerryMapperUITests" */ = {
			isa = XCConfigurationList;
			buildConfigurations = (
				1102B7482CFC2D1400F3F23D /* Debug */,
				1102B7492CFC2D1400F3F23D /* Release */,
			);
			defaultConfigurationIsVisible = 0;
			defaultConfigurationName = Release;
		};
/* End XCConfigurationList section */

/* Begin XCRemoteSwiftPackageReference section */
		11FB87C62D06B7E300F49DDD /* XCRemoteSwiftPackageReference "SimpleKeychain" */ = {
			isa = XCRemoteSwiftPackageReference;
			repositoryURL = "https://github.com/auth0/SimpleKeychain";
			requirement = {
				kind = upToNextMajorVersion;
				minimumVersion = 1.2.0;
			};
		};
/* End XCRemoteSwiftPackageReference section */

/* Begin XCSwiftPackageProductDependency section */
		11FB87C72D06B7E300F49DDD /* SimpleKeychain */ = {
			isa = XCSwiftPackageProductDependency;
			package = 11FB87C62D06B7E300F49DDD /* XCRemoteSwiftPackageReference "SimpleKeychain" */;
			productName = SimpleKeychain;
		};
/* End XCSwiftPackageProductDependency section */
	};
	rootObject = 1102B7142CFC2D1300F3F23D /* Project object */;
}
